PODS:
  - DZNEmptyDataSet (1.8.1)
  - Gecco (2.0.0)
  - GoogleMaps (6.0.1):
    - GoogleMaps/Maps (= 6.0.1)
  - GoogleMaps/Base (6.0.1)
  - GoogleMaps/Maps (6.0.1):
    - GoogleMaps/Base
  - GooglePlaces (6.0.0)
  - SideMenu (6.5.0)

DEPENDENCIES:
  - DZNEmptyDataSet
  - Gecco
  - GoogleMaps
  - GooglePlaces
  - SideMenu

SPEC REPOS:
  trunk:
    - DZNEmptyDataSet
    - Gecco
    - GoogleMaps
    - GooglePlaces
    - SideMenu

SPEC CHECKSUMS:
  DZNEmptyDataSet: 9525833b9e68ac21c30253e1d3d7076cc828eaa7
  Gecco: 6d4225d0b58f6cf952d198a831904d50e646ec3f
  GoogleMaps: c213fc2334b7374144cede914da779b99be0ab74
  GooglePlaces: c97d96ae68594acb64035c9ca9f26fbfc1d23af1
  SideMenu: f583187d21c5b1dd04c72002be544b555a2627a2

PODFILE CHECKSUM: d5b41a48d1242bd6fa6cd2be7a5f343bfc81e54c

COCOAPODS: 1.11.2
